// !$*UTF8*$!
{
	archiveVersion = 1;
	classes = {
	};
	objectVersion = 46;
	objects = {

/* Begin PBXBuildFile section */
		63617DA11C15BD3600D32D56 /* loggafeelioo.png in Resources */ = {isa = PBXBuildFile; fileRef = 63617DA01C15BD3600D32D56 /* loggafeelioo.png */; };
		63617DA71C15BD5F00D32D56 /* happytext.png in Resources */ = {isa = PBXBuildFile; fileRef = 63617DA21C15BD5F00D32D56 /* happytext.png */; };
		63617DA81C15BD5F00D32D56 /* peacefultext.png in Resources */ = {isa = PBXBuildFile; fileRef = 63617DA31C15BD5F00D32D56 /* peacefultext.png */; };
		63617DA91C15BD5F00D32D56 /* pumpedtext.png in Resources */ = {isa = PBXBuildFile; fileRef = 63617DA41C15BD5F00D32D56 /* pumpedtext.png */; };
		63617DAA1C15BD5F00D32D56 /* ragetext.png in Resources */ = {isa = PBXBuildFile; fileRef = 63617DA51C15BD5F00D32D56 /* ragetext.png */; };
		63617DAB1C15BD5F00D32D56 /* romantictext.png in Resources */ = {isa = PBXBuildFile; fileRef = 63617DA61C15BD5F00D32D56 /* romantictext.png */; };
		63617DAE1C15CDA900D32D56 /* feeliologgamedslogan.png in Resources */ = {isa = PBXBuildFile; fileRef = 63617DAD1C15CDA900D32D56 /* feeliologgamedslogan.png */; };
		63881AC11C104FBD00E006B1 /* AppDelegate.swift in Sources */ = {isa = PBXBuildFile; fileRef = 63881AC01C104FBD00E006B1 /* AppDelegate.swift */; };
		63881AC31C104FBD00E006B1 /* ViewController.swift in Sources */ = {isa = PBXBuildFile; fileRef = 63881AC21C104FBD00E006B1 /* ViewController.swift */; };
		63881AC61C104FBD00E006B1 /* Main.storyboard in Resources */ = {isa = PBXBuildFile; fileRef = 63881AC41C104FBD00E006B1 /* Main.storyboard */; };
		63881AC81C104FBD00E006B1 /* Assets.xcassets in Resources */ = {isa = PBXBuildFile; fileRef = 63881AC71C104FBD00E006B1 /* Assets.xcassets */; };
		63881ACB1C104FBD00E006B1 /* LaunchScreen.storyboard in Resources */ = {isa = PBXBuildFile; fileRef = 63881AC91C104FBD00E006B1 /* LaunchScreen.storyboard */; };
		63881ADF1C1072D300E006B1 /* secondViewController.swift in Sources */ = {isa = PBXBuildFile; fileRef = 63881ADE1C1072D300E006B1 /* secondViewController.swift */; };

/* End PBXBuildFile section */

/* Begin PBXFileReference section */
		63617DA01C15BD3600D32D56 /* loggafeelioo.png */ = {isa = PBXFileReference; lastKnownFileType = image.png; path = loggafeelioo.png; sourceTree = "<group>"; };
		63617DA21C15BD5F00D32D56 /* happytext.png */ = {isa = PBXFileReference; lastKnownFileType = image.png; path = happytext.png; sourceTree = "<group>"; };
		63617DA31C15BD5F00D32D56 /* peacefultext.png */ = {isa = PBXFileReference; lastKnownFileType = image.png; path = peacefultext.png; sourceTree = "<group>"; };
		63617DA41C15BD5F00D32D56 /* pumpedtext.png */ = {isa = PBXFileReference; lastKnownFileType = image.png; path = pumpedtext.png; sourceTree = "<group>"; };
		63617DA51C15BD5F00D32D56 /* ragetext.png */ = {isa = PBXFileReference; lastKnownFileType = image.png; path = ragetext.png; sourceTree = "<group>"; };
		63617DA61C15BD5F00D32D56 /* romantictext.png */ = {isa = PBXFileReference; lastKnownFileType = image.png; path = romantictext.png; sourceTree = "<group>"; };
		63617DAD1C15CDA900D32D56 /* feeliologgamedslogan.png */ = {isa = PBXFileReference; lastKnownFileType = image.png; path = feeliologgamedslogan.png; sourceTree = "<group>"; };
		63881ABD1C104FBD00E006B1 /* feelio100001.app */ = {isa = PBXFileReference; explicitFileType = wrapper.application; includeInIndex = 0; path = feelio100001.app; sourceTree = BUILT_PRODUCTS_DIR; };
		63881AC01C104FBD00E006B1 /* AppDelegate.swift */ = {isa = PBXFileReference; lastKnownFileType = sourcecode.swift; path = AppDelegate.swift; sourceTree = "<group>"; };
		63881AC21C104FBD00E006B1 /* ViewController.swift */ = {isa = PBXFileReference; lastKnownFileType = sourcecode.swift; path = ViewController.swift; sourceTree = "<group>"; };
		63881AC51C104FBD00E006B1 /* Base */ = {isa = PBXFileReference; lastKnownFileType = file.storyboard; name = Base; path = Base.lproj/Main.storyboard; sourceTree = "<group>"; };
		63881AC71C104FBD00E006B1 /* Assets.xcassets */ = {isa = PBXFileReference; lastKnownFileType = folder.assetcatalog; path = Assets.xcassets; sourceTree = "<group>"; };
		63881ACA1C104FBD00E006B1 /* Base */ = {isa = PBXFileReference; lastKnownFileType = file.storyboard; name = Base; path = Base.lproj/LaunchScreen.storyboard; sourceTree = "<group>"; };
		63881ACC1C104FBD00E006B1 /* Info.plist */ = {isa = PBXFileReference; lastKnownFileType = text.plist.xml; path = Info.plist; sourceTree = "<group>"; };
		63881ADE1C1072D300E006B1 /* secondViewController.swift */ = {isa = PBXFileReference; fileEncoding = 4; lastKnownFileType = sourcecode.swift; name = secondViewController.swift; path = ../secondViewController.swift; sourceTree = "<group>"; };

/* End PBXFileReference section */

/* Begin PBXFrameworksBuildPhase section */
		63881ABA1C104FBD00E006B1 /* Frameworks */ = {
			isa = PBXFrameworksBuildPhase;
			buildActionMask = 2147483647;
			files = (
				70733FF01C15B1740053818D /* parse-library-1 in Frameworks */,
				70733FEE1C15AE5E0053818D /* libsqlite3.tbd in Frameworks */,
				70733FEC1C15AE4D0053818D /* libz.tbd in Frameworks */,
				70733FF71C15B2750053818D /* Bolts.framework in Frameworks */,
				70733FEA1C15AE3B0053818D /* SystemConfiguration.framework in Frameworks */,
				70733FE81C15AE310053818D /* StoreKit.framework in Frameworks */,
				70733FF81C15B2750053818D /* Parse.framework in Frameworks */,
				70733FE61C15AE230053818D /* Security.framework in Frameworks */,
				70733FE41C15AE0C0053818D /* QuartzCore.framework in Frameworks */,
				70733FE21C15ADFA0053818D /* CoreLocation.framework in Frameworks */,
				70733FE01C15ADEF0053818D /* CoreGraphics.framework in Frameworks */,
				70733FDE1C15ADE00053818D /* CFNetwork.framework in Frameworks */,
				70733FDC1C15ADBB0053818D /* AudioToolbox.framework in Frameworks */,
			);
			runOnlyForDeploymentPostprocessing = 0;
		};
/* End PBXFrameworksBuildPhase section */

/* Begin PBXGroup section */
		63617DAC1C15BD7100D32D56 /* Bilder */ = {
			isa = PBXGroup;
			children = (
				63617DA01C15BD3600D32D56 /* loggafeelioo.png */,
				63617DA21C15BD5F00D32D56 /* happytext.png */,
				63617DAD1C15CDA900D32D56 /* feeliologgamedslogan.png */,
				63617DA31C15BD5F00D32D56 /* peacefultext.png */,
				63617DA41C15BD5F00D32D56 /* pumpedtext.png */,
				63617DA51C15BD5F00D32D56 /* ragetext.png */,
				63617DA61C15BD5F00D32D56 /* romantictext.png */,
			);
			name = Bilder;
			sourceTree = "<group>";
		};
		63881AB41C104FBD00E006B1 = {
			isa = PBXGroup;
			children = (
				70733FEF1C15B1740053818D /* parse-library-1 */,
				70733FED1C15AE5E0053818D /* libsqlite3.tbd */,
				70733FEB1C15AE4D0053818D /* libz.tbd */,
				70733FF51C15B2750053818D /* Bolts.framework */,
				70733FF61C15B2750053818D /* Parse.framework */,
				70733FE91C15AE3B0053818D /* SystemConfiguration.framework */,
				70733FE71C15AE310053818D /* StoreKit.framework */,
				70733FE51C15AE230053818D /* Security.framework */,
				70733FE31C15AE0C0053818D /* QuartzCore.framework */,
				70733FE11C15ADFA0053818D /* CoreLocation.framework */,
				70733FDF1C15ADEF0053818D /* CoreGraphics.framework */,
				70733FDD1C15ADE00053818D /* CFNetwork.framework */,
				70733FDB1C15ADBB0053818D /* AudioToolbox.framework */,
				70733FD91C15AD6F0053818D /* parse-library-1 */,
				63881ABF1C104FBD00E006B1 /* feelio100001 */,
				63881ABE1C104FBD00E006B1 /* Products */,
			);
			sourceTree = "<group>";
		};
		63881ABE1C104FBD00E006B1 /* Products */ = {
			isa = PBXGroup;
			children = (
				63881ABD1C104FBD00E006B1 /* feelio100001.app */,
			);
			name = Products;
			sourceTree = "<group>";
		};
		63881ABF1C104FBD00E006B1 /* feelio100001 */ = {
			isa = PBXGroup;
			children = (
				63881ADE1C1072D300E006B1 /* secondViewController.swift */,
				63881AC01C104FBD00E006B1 /* AppDelegate.swift */,
				63881AC21C104FBD00E006B1 /* ViewController.swift */,
				63881AC41C104FBD00E006B1 /* Main.storyboard */,
				63881AC71C104FBD00E006B1 /* Assets.xcassets */,
				63617DAC1C15BD7100D32D56 /* Bilder */,
				63881AC91C104FBD00E006B1 /* LaunchScreen.storyboard */,
				63881ACC1C104FBD00E006B1 /* Info.plist */,
			);
			path = feelio100001;
			sourceTree = "<group>";
		};
/* End PBXGroup section */

/* Begin PBXNativeTarget section */
		63881ABC1C104FBD00E006B1 /* feelio100001 */ = {
			isa = PBXNativeTarget;
			buildConfigurationList = 63881ACF1C104FBD00E006B1 /* Build configuration list for PBXNativeTarget "feelio100001" */;
			buildPhases = (
				63881AB91C104FBD00E006B1 /* Sources */,
				63881ABA1C104FBD00E006B1 /* Frameworks */,
				63881ABB1C104FBD00E006B1 /* Resources */,
			);
			buildRules = (
			);
			dependencies = (
			);
			name = feelio100001;
			productName = feelio100001;
			productReference = 63881ABD1C104FBD00E006B1 /* feelio100001.app */;
			productType = "com.apple.product-type.application";
		};
/* End PBXNativeTarget section */

/* Begin PBXProject section */
		63881AB51C104FBD00E006B1 /* Project object */ = {
			isa = PBXProject;
			attributes = {
				LastSwiftUpdateCheck = 0710;
				LastUpgradeCheck = 0710;
				ORGANIZATIONNAME = David;
				TargetAttributes = {
					63881ABC1C104FBD00E006B1 = {
						CreatedOnToolsVersion = 7.1;
					};
				};
			};
			buildConfigurationList = 63881AB81C104FBD00E006B1 /* Build configuration list for PBXProject "feelio100001" */;
			compatibilityVersion = "Xcode 3.2";
			developmentRegion = English;
			hasScannedForEncodings = 0;
			knownRegions = (
				en,
				Base,
			);
			mainGroup = 63881AB41C104FBD00E006B1;
			productRefGroup = 63881ABE1C104FBD00E006B1 /* Products */;
			projectDirPath = "";
			projectRoot = "";
			targets = (
				63881ABC1C104FBD00E006B1 /* feelio100001 */,
			);
		};
/* End PBXProject section */

/* Begin PBXResourcesBuildPhase section */
		63881ABB1C104FBD00E006B1 /* Resources */ = {
			isa = PBXResourcesBuildPhase;
			buildActionMask = 2147483647;
			files = (
				63617DA11C15BD3600D32D56 /* loggafeelioo.png in Resources */,
				63881ACB1C104FBD00E006B1 /* LaunchScreen.storyboard in Resources */,
				63881AC81C104FBD00E006B1 /* Assets.xcassets in Resources */,
				63617DAE1C15CDA900D32D56 /* feeliologgamedslogan.png in Resources */,
				63881AC61C104FBD00E006B1 /* Main.storyboard in Resources */,
				63617DA91C15BD5F00D32D56 /* pumpedtext.png in Resources */,
				63617DA81C15BD5F00D32D56 /* peacefultext.png in Resources */,
				63617DAB1C15BD5F00D32D56 /* romantictext.png in Resources */,
			);
			runOnlyForDeploymentPostprocessing = 0;
		};
/* End PBXResourcesBuildPhase section */

/* Begin PBXSourcesBuildPhase section */
		63881AB91C104FBD00E006B1 /* Sources */ = {
			isa = PBXSourcesBuildPhase;
			buildActionMask = 2147483647;
			files = (
				63881AC31C104FBD00E006B1 /* ViewController.swift in Sources */,
				63881ADF1C1072D300E006B1 /* secondViewController.swift in Sources */,
				63881AC11C104FBD00E006B1 /* AppDelegate.swift in Sources */,
			);
			runOnlyForDeploymentPostprocessing = 0;
		};
/* End PBXSourcesBuildPhase section */

/* Begin PBXVariantGroup section */
		63881AC41C104FBD00E006B1 /* Main.storyboard */ = {
			isa = PBXVariantGroup;
			children = (
				63881AC51C104FBD00E006B1 /* Base */,
			);
			name = Main.storyboard;
			sourceTree = "<group>";
		};
		63881AC91C104FBD00E006B1 /* LaunchScreen.storyboard */ = {
			isa = PBXVariantGroup;
			children = (
				63881ACA1C104FBD00E006B1 /* Base */,
			);
			name = LaunchScreen.storyboard;
			sourceTree = "<group>";
		};
/* End PBXVariantGroup section */

/* Begin XCBuildConfiguration section */
		63881ACD1C104FBD00E006B1 /* Debug */ = {
			isa = XCBuildConfiguration;
			buildSettings = {
				ALWAYS_SEARCH_USER_PATHS = NO;
				CLANG_CXX_LANGUAGE_STANDARD = "gnu++0x";
				CLANG_CXX_LIBRARY = "libc++";
				CLANG_ENABLE_MODULES = YES;
				CLANG_ENABLE_OBJC_ARC = YES;
				CLANG_WARN_BOOL_CONVERSION = YES;
				CLANG_WARN_CONSTANT_CONVERSION = YES;
				CLANG_WARN_DIRECT_OBJC_ISA_USAGE = YES_ERROR;
				CLANG_WARN_EMPTY_BODY = YES;
				CLANG_WARN_ENUM_CONVERSION = YES;
				CLANG_WARN_INT_CONVERSION = YES;
				CLANG_WARN_OBJC_ROOT_CLASS = YES_ERROR;
				CLANG_WARN_UNREACHABLE_CODE = YES;
				CLANG_WARN__DUPLICATE_METHOD_MATCH = YES;
				"CODE_SIGN_IDENTITY[sdk=iphoneos*]" = "iPhone Developer";
				COPY_PHASE_STRIP = NO;
				DEBUG_INFORMATION_FORMAT = dwarf;
				ENABLE_STRICT_OBJC_MSGSEND = YES;
				ENABLE_TESTABILITY = YES;
				GCC_C_LANGUAGE_STANDARD = gnu99;
				GCC_DYNAMIC_NO_PIC = NO;
				GCC_NO_COMMON_BLOCKS = YES;
				GCC_OPTIMIZATION_LEVEL = 0;
				GCC_PREPROCESSOR_DEFINITIONS = (
					"DEBUG=1",
					"$(inherited)",
				);
				GCC_WARN_64_TO_32_BIT_CONVERSION = YES;
				GCC_WARN_ABOUT_RETURN_TYPE = YES_ERROR;
				GCC_WARN_UNDECLARED_SELECTOR = YES;
				GCC_WARN_UNINITIALIZED_AUTOS = YES_AGGRESSIVE;
				GCC_WARN_UNUSED_FUNCTION = YES;
				GCC_WARN_UNUSED_VARIABLE = YES;
				IPHONEOS_DEPLOYMENT_TARGET = 9.1;
				MTL_ENABLE_DEBUG_INFO = YES;
				ONLY_ACTIVE_ARCH = YES;
				SDKROOT = iphoneos;
				SWIFT_OPTIMIZATION_LEVEL = "-Onone";
			};
			name = Debug;
		};
		63881ACE1C104FBD00E006B1 /* Release */ = {
			isa = XCBuildConfiguration;
			buildSettings = {
				ALWAYS_SEARCH_USER_PATHS = NO;
				CLANG_CXX_LANGUAGE_STANDARD = "gnu++0x";
				CLANG_CXX_LIBRARY = "libc++";
				CLANG_ENABLE_MODULES = YES;
				CLANG_ENABLE_OBJC_ARC = YES;
				CLANG_WARN_BOOL_CONVERSION = YES;
				CLANG_WARN_CONSTANT_CONVERSION = YES;
				CLANG_WARN_DIRECT_OBJC_ISA_USAGE = YES_ERROR;
				CLANG_WARN_EMPTY_BODY = YES;
				CLANG_WARN_ENUM_CONVERSION = YES;
				CLANG_WARN_INT_CONVERSION = YES;
				CLANG_WARN_OBJC_ROOT_CLASS = YES_ERROR;
				CLANG_WARN_UNREACHABLE_CODE = YES;
				CLANG_WARN__DUPLICATE_METHOD_MATCH = YES;
				"CODE_SIGN_IDENTITY[sdk=iphoneos*]" = "iPhone Developer";
				COPY_PHASE_STRIP = NO;
				DEBUG_INFORMATION_FORMAT = "dwarf-with-dsym";
				ENABLE_NS_ASSERTIONS = NO;
				ENABLE_STRICT_OBJC_MSGSEND = YES;
				GCC_C_LANGUAGE_STANDARD = gnu99;
				GCC_NO_COMMON_BLOCKS = YES;
				GCC_WARN_64_TO_32_BIT_CONVERSION = YES;
				GCC_WARN_ABOUT_RETURN_TYPE = YES_ERROR;
				GCC_WARN_UNDECLARED_SELECTOR = YES;
				GCC_WARN_UNINITIALIZED_AUTOS = YES_AGGRESSIVE;
				GCC_WARN_UNUSED_FUNCTION = YES;
				GCC_WARN_UNUSED_VARIABLE = YES;
				IPHONEOS_DEPLOYMENT_TARGET = 9.1;
				MTL_ENABLE_DEBUG_INFO = NO;
				SDKROOT = iphoneos;
				VALIDATE_PRODUCT = YES;
			};
			name = Release;
		};
		63881AD01C104FBD00E006B1 /* Debug */ = {
			isa = XCBuildConfiguration;
			buildSettings = {
				ASSETCATALOG_COMPILER_APPICON_NAME = AppIcon;
				FRAMEWORK_SEARCH_PATHS = (
					"$(inherited)",
					"$(PROJECT_DIR)/feelio100001/parse-library-1",
				);
				INFOPLIST_FILE = feelio100001/Info.plist;
				LD_RUNPATH_SEARCH_PATHS = "$(inherited) @executable_path/Frameworks";
				PRODUCT_BUNDLE_IDENTIFIER = se.application.feelio100001;
				PRODUCT_NAME = "$(TARGET_NAME)";
			};
			name = Debug;
		};
		63881AD11C104FBD00E006B1 /* Release */ = {
			isa = XCBuildConfiguration;
			buildSettings = {
				ASSETCATALOG_COMPILER_APPICON_NAME = AppIcon;
				FRAMEWORK_SEARCH_PATHS = (
					"$(inherited)",
					"$(PROJECT_DIR)/feelio100001/parse-library-1",
				);
				INFOPLIST_FILE = feelio100001/Info.plist;
				LD_RUNPATH_SEARCH_PATHS = "$(inherited) @executable_path/Frameworks";
				PRODUCT_BUNDLE_IDENTIFIER = se.application.feelio100001;
				PRODUCT_NAME = "$(TARGET_NAME)";
			};
			name = Release;
		};
/* End XCBuildConfiguration section */

/* Begin XCConfigurationList section */
		63881AB81C104FBD00E006B1 /* Build configuration list for PBXProject "feelio100001" */ = {
			isa = XCConfigurationList;
			buildConfigurations = (
				63881ACD1C104FBD00E006B1 /* Debug */,
				63881ACE1C104FBD00E006B1 /* Release */,
			);
			defaultConfigurationIsVisible = 0;
			defaultConfigurationName = Release;
		};
		63881ACF1C104FBD00E006B1 /* Build configuration list for PBXNativeTarget "feelio100001" */ = {
			isa = XCConfigurationList;
			buildConfigurations = (
				63881AD01C104FBD00E006B1 /* Debug */,
				63881AD11C104FBD00E006B1 /* Release */,
			);
			defaultConfigurationIsVisible = 0;
			defaultConfigurationName = Release;
		};
/* End XCConfigurationList section */
	};
	rootObject = 63881AB51C104FBD00E006B1 /* Project object */;
}
